{
  "projects": [
    {
      "projectId": "7nJ7UcFmq9UzB6eXfC5z4a",
      "version": "0.29.0",
      "dependencies": {},
      "lang": "ts",
      "fileLocks": [
        {
          "assetId": "7nJ7UcFmq9UzB6eXfC5z4a",
          "type": "projectCss",
          "checksum": "05587b57f22f0ec8bb54543deb39762e"
        }
      ],
      "codegenVersion": "0.0.1"
    },
    {
      "projectId": "8kbr6km1QFZgvNaKn68UaX",
      "version": "latest",
      "dependencies": {
        "7nJ7UcFmq9UzB6eXfC5z4a": "0.29.0"
      },
      "lang": "ts",
      "fileLocks": [
        {
          "type": "globalVariant",
          "assetId": "FLVjIoxGl63N",
          "checksum": "3500fdb09c77ef52ba3f284193abc670"
        },
        {
          "assetId": "8kbr6km1QFZgvNaKn68UaX",
          "type": "projectCss",
          "checksum": "afc2638906bc2b0f2404edf64b82314f"
        },
        {
          "type": "renderModule",
          "assetId": "7RtASnqACHI3",
          "checksum": "61bb1e4adc61352bca420ebc4a98a480"
        },
        {
          "type": "cssRules",
          "assetId": "7RtASnqACHI3",
          "checksum": "61bb1e4adc61352bca420ebc4a98a480"
        },
        {
          "type": "renderModule",
          "assetId": "34GL706nYDVI",
          "checksum": "5a5708511ccfb180521574e68c95e949"
        },
        {
          "type": "cssRules",
          "assetId": "34GL706nYDVI",
          "checksum": "5a5708511ccfb180521574e68c95e949"
        },
        {
          "type": "renderModule",
          "assetId": "YTVA0WUzO5bP",
          "checksum": "59e86605e8e1b7137c2937bddc996283"
        },
        {
          "type": "cssRules",
          "assetId": "YTVA0WUzO5bP",
          "checksum": "59e86605e8e1b7137c2937bddc996283"
        },
        {
          "type": "renderModule",
          "assetId": "PsNMFFNBNRNu",
          "checksum": "44695a82f5800059ab4637796ab4feac"
        },
        {
          "type": "cssRules",
          "assetId": "PsNMFFNBNRNu",
          "checksum": "44695a82f5800059ab4637796ab4feac"
        },
        {
          "type": "renderModule",
          "assetId": "qqaNSJQQbs1F",
          "checksum": "6ab9ab7836509f6ecc226c9243807664"
        },
        {
          "type": "cssRules",
          "assetId": "qqaNSJQQbs1F",
          "checksum": "6ab9ab7836509f6ecc226c9243807664"
        },
        {
          "type": "renderModule",
          "assetId": "KYchsJQuOGSY",
          "checksum": "9308989f549472c507349708a638ba0f"
        },
        {
          "type": "cssRules",
          "assetId": "KYchsJQuOGSY",
          "checksum": "9308989f549472c507349708a638ba0f"
        },
        {
          "type": "renderModule",
          "assetId": "iCo7yolZ_sCF",
          "checksum": "db8aac017c449484ada9da539aa8b98f"
        },
        {
          "type": "cssRules",
          "assetId": "iCo7yolZ_sCF",
          "checksum": "db8aac017c449484ada9da539aa8b98f"
        },
        {
          "type": "renderModule",
          "assetId": "dk84PwxXBd25",
          "checksum": "a8f10a98900112dccc106b3df4e69b59"
        },
        {
          "type": "cssRules",
          "assetId": "dk84PwxXBd25",
          "checksum": "a8f10a98900112dccc106b3df4e69b59"
        },
        {
          "type": "icon",
          "assetId": "WYxmgLPayhBf",
          "checksum": "d484239c7aa98243f6953938b232b0e4"
        },
        {
          "type": "icon",
          "assetId": "1pSyZIrcu7wY",
          "checksum": "334c3e98aae55967d96257dcf840d2f6"
        },
        {
          "type": "icon",
          "assetId": "sfK6ybpDcRto",
          "checksum": "069b8659bb550210721e714c1a455418"
        },
        {
          "type": "icon",
          "assetId": "x-HXBrpsdbev",
          "checksum": "9f98e2b14dc8ab1efbf987686342edfd"
        },
        {
          "type": "icon",
          "assetId": "4CwVWsFkdBhl",
          "checksum": "3d0a07b7b0fd703115fbfbde508cd046"
        },
        {
          "type": "icon",
          "assetId": "Z5fhfIAKt5Oa",
          "checksum": "da20e691a28fe141453902401edd9662"
        },
        {
          "type": "icon",
          "assetId": "oExnfcBf4nvd",
          "checksum": "4e434d761d79003e39b8567f3f13a6a2"
        },
        {
          "type": "icon",
          "assetId": "e-_sfE4n5OEj",
          "checksum": "a71669d1957c42448351fcd907613f6e"
        },
        {
          "type": "icon",
          "assetId": "PTNtAzJoX-qI",
          "checksum": "1d982d9e7769dca602506d5ffba83498"
        },
        {
          "type": "icon",
          "assetId": "A4HkmkAqS3E3",
          "checksum": "c87b4f96e9f36a1d2a3aa1240a212d5a"
        },
        {
          "type": "icon",
          "assetId": "y4JgSlJi_OG4",
          "checksum": "20a274944ee998f5696fa2d291184acc"
        },
        {
          "type": "image",
          "assetId": "HN-i2umEuQt4",
          "checksum": "84697e9ef04ada03ad9cc239df362d9f"
        },
        {
          "type": "image",
          "assetId": "_SJ7nGLnNf_5",
          "checksum": "31a99e137ee5bbf8b43488e97b175801"
        },
        {
          "type": "image",
          "assetId": "hNsiCsjx-7Uz",
          "checksum": "5ecb5398927a0d6acc37fd48837f6b9d"
        },
        {
          "type": "image",
          "assetId": "ZNsRJznni5jJ",
          "checksum": "b4d6872772b18cb3fb37c4cd728d9bb0"
        },
        {
          "type": "image",
          "assetId": "u49QJK9octB9",
          "checksum": "0249a3f58068046d05c46e6fc434d92f"
        },
        {
          "type": "image",
          "assetId": "d1xwq8VJJ-Wc",
          "checksum": "7e19bfe1e44942bf3a18d5020797283f"
        },
        {
          "type": "image",
          "assetId": "xPz6ir5j5k1M",
          "checksum": "f1dbcb0179ff9400934e75c2c977547b"
        },
        {
          "type": "image",
          "assetId": "CgVz08-MXS1-",
          "checksum": "8a5a37bad083421b8337073de75ce1be"
        },
        {
          "type": "image",
          "assetId": "gZQmxYivXpdn",
          "checksum": "c34c09e03f9b5d41ca23088b06160d92"
        },
        {
          "type": "image",
          "assetId": "pTd7WF5OI9yZ",
          "checksum": "d8c8ae60e120a380de669bc92c3fb217"
        },
        {
          "type": "image",
          "assetId": "XQnNb1aloVoe",
          "checksum": "576f0a7159dbe1f795daf42c9872d46d"
        },
        {
          "type": "image",
          "assetId": "HREMHMj35E6N",
          "checksum": "23c8a5ec80915f6d3e0ff7a415d7be47"
        },
        {
          "type": "image",
          "assetId": "fSwMiMEMBiBq",
          "checksum": "e2b1538ec522d182da6f6f5d34c41cf8"
        },
        {
          "type": "image",
          "assetId": "mJL7l0FJLxDI",
          "checksum": "491547056b7346a126fc6b5fcd9e9796"
        },
        {
          "type": "image",
          "assetId": "z-T_smmJRDNR",
          "checksum": "9ed29f5a602b0c053166be29dffec6bd"
        },
        {
          "type": "image",
          "assetId": "qkPi6CloAxwG",
          "checksum": "c7f2a9ecf4d71b031460baa4de8ccf8a"
        },
        {
          "type": "image",
          "assetId": "hSe5nhy7rxI8",
          "checksum": "f6640e804ce48370792d6f9294e66e45"
        },
        {
          "type": "image",
          "assetId": "iwLuqqF96Jnd",
          "checksum": "f80ad790eac5ab84fb445b9e95c1d626"
        },
        {
          "type": "image",
          "assetId": "vvXnNI_4eOhD",
          "checksum": "b1000a5826202c324509e825028e32e9"
        },
        {
          "type": "image",
          "assetId": "zNIPR4fOxOZ_",
          "checksum": "7e6cbd97a990061cccb1643839c14d65"
        },
        {
          "type": "image",
          "assetId": "ETA_1MWXJ2jx",
          "checksum": "cd902291650b22d2759318b27a5b62c0"
        },
        {
          "type": "image",
          "assetId": "8sFFHvOW8Per",
          "checksum": "fb608c88d3865b90216e98a715090c5f"
        },
        {
          "type": "image",
          "assetId": "s2bKYFTnoe-w",
          "checksum": "2d91cce70641dd660f92818b950fdfcf"
        },
        {
          "type": "image",
          "assetId": "vhAapqSGnllC",
          "checksum": "b7013e3df68758796bd4296a5eeead20"
        },
        {
          "type": "image",
          "assetId": "c8md-bZ_f9mR",
          "checksum": "94fc93ebe16da3408d46081eb1d85871"
        },
        {
          "type": "image",
          "assetId": "YgTK6lf5Wgit",
          "checksum": "40d959a19924a27abeee91280ff748f6"
        },
        {
          "type": "image",
          "assetId": "38nC82Tcenq0",
          "checksum": "f13cbf4c5081b38d92df8298ff5feb8a"
        },
        {
          "type": "image",
          "assetId": "jW8ZCj68ijno",
          "checksum": "3cc7293a2235c0cc28eadc2caf4e90d4"
        },
        {
          "type": "image",
          "assetId": "PjOWw5pruwdP",
          "checksum": "1182742730732051dd62a8ab3cf59ab5"
        },
        {
          "type": "image",
          "assetId": "hQZGnNRq8gxD",
          "checksum": "261ca88a3d2431ab2271ff4bdea503da"
        },
        {
          "type": "image",
          "assetId": "99vabdYcodbX",
          "checksum": "f244a3f26d9c1aed0f7fb2a48c9aff4d"
        },
        {
          "type": "image",
          "assetId": "fh7oJowo7MW8",
          "checksum": "263ffe1c9b8d8ea2b64abfbb6c5c6bae"
        },
        {
          "type": "image",
          "assetId": "kb5KXkG1NdBV",
          "checksum": "b47f7698e009cbf35099de6b272fb3e7"
        },
        {
          "type": "image",
          "assetId": "r6KR6Kz4VJd2",
          "checksum": "7dfcf27f985c83a047e8300c9173c92b"
        },
        {
          "type": "image",
          "assetId": "fzwg9my9RafP",
          "checksum": "8c6dc7e7579db8c97f2ae6c73e46d18f"
        },
        {
          "type": "image",
          "assetId": "9kO4vju2R8OX",
          "checksum": "613969677b7ba005b1f3acf56d6f4cae"
        },
        {
          "type": "image",
          "assetId": "erd1VunPr3MD",
          "checksum": "11647992b3feedf0ebb692f12cc3b76d"
        },
        {
          "type": "image",
          "assetId": "xyjNhmpTBVku",
          "checksum": "18bcd50ba16aad4f5c5544cee369087c"
        },
        {
          "type": "image",
          "assetId": "CrfKpSH_PPpo",
          "checksum": "c045054790ce2ddd1da21d729a79ad50"
        },
        {
          "type": "image",
          "assetId": "DFIuxDfQ-GVJ",
          "checksum": "63b447d091a76ffa0bd588e8e416b83e"
        },
        {
          "type": "image",
          "assetId": "Xlf7xBbzi_wl",
          "checksum": "bad39a7f7900f4712a6b35aedac1413d"
        },
        {
          "type": "image",
          "assetId": "NIEV_V2liTg8",
          "checksum": "8cf938a5dc9045827aa0e2349ca83f02"
        },
        {
          "type": "image",
          "assetId": "6h67Uix0Uakt",
          "checksum": "37bd8a71a36b43c5194fe4e4b2e05955"
        },
        {
          "type": "image",
          "assetId": "nhbUaZrqKcVI",
          "checksum": "2eee81e0894c39b89b7cded6ae7ba448"
        },
        {
          "type": "image",
          "assetId": "1-4RejSToU63",
          "checksum": "95d61ed9531b51332766484f26498e7a"
        },
        {
          "type": "image",
          "assetId": "BtCyfNzYOU0l",
          "checksum": "918a8fb399c84cf160c825543afdb26b"
        },
        {
          "type": "image",
          "assetId": "SQPkz_aspzlU",
          "checksum": "5d1d7acc5eaa073aa0026cfba8d32c66"
        },
        {
          "type": "image",
          "assetId": "LAqMqKxPUtYJ",
          "checksum": "df90c08fac4d240cc495aeb829ca12d3"
        },
        {
          "type": "image",
          "assetId": "uOjdVrVdUsrO",
          "checksum": "287a9dfd0f02ea3146a73f1b57176a6f"
        },
        {
          "type": "image",
          "assetId": "wZrcvetacPa9",
          "checksum": "3f9e8c91340179bc94e6d15281267728"
        },
        {
          "type": "image",
          "assetId": "p6BFMuKOqv9H",
          "checksum": "c5b688a2991cd18f536495cd7c4993b4"
        },
        {
          "type": "image",
          "assetId": "9u3JBu2M8iLm",
          "checksum": "9d0b7ae159826bee1724931999928d0e"
        },
        {
          "type": "image",
          "assetId": "wWpc3kBx9gmk",
          "checksum": "af7adf863bea5ae0fca39e090ea5b8d1"
        },
        {
          "type": "image",
          "assetId": "A5DUFmkcWNrH",
          "checksum": "aad7a8392b2ee823ae6a948b25fd0d2a"
        },
        {
          "type": "image",
          "assetId": "182ytQOkawkV",
          "checksum": "c14851cdbb2980bf5174a401d11059eb"
        },
        {
          "type": "image",
          "assetId": "y56OwSH1GRkw",
          "checksum": "cdeefd423b3e68ab952887e05e69e71e"
        },
        {
          "type": "image",
          "assetId": "ObPyPbIZ4nCL",
          "checksum": "a4ab032d7d0f9e505aabd434320d7a62"
        },
        {
          "type": "image",
          "assetId": "Z7PV__jjVwds",
          "checksum": "8db0f17132726ca8068d10a0ad89ab75"
        },
        {
          "type": "image",
          "assetId": "ubUXXcj-PUJt",
          "checksum": "0d5bd8144973f415b8a734354621fbbb"
        },
        {
          "type": "image",
          "assetId": "mcqBcvIkNv9H",
          "checksum": "79d13eb4494dca909ba2b850e5bb08b4"
        },
        {
          "type": "image",
          "assetId": "UUpWBl3u4zxh",
          "checksum": "7a3e91ae3cd72b4b04dcb97671c6dac0"
        },
        {
          "type": "image",
          "assetId": "aRzDwelN-Hzw",
          "checksum": "c10f6b84ea9d783198e8253c48bf7dbb"
        },
        {
          "type": "image",
          "assetId": "z8QPwnNFXEa8",
          "checksum": "8e17a92723588733e780e969060c3ece"
        },
        {
          "type": "image",
          "assetId": "DzTj0zhsI49a",
          "checksum": "f85f3b89eed0e56a0f6cbfb73a23fbe0"
        },
        {
          "type": "image",
          "assetId": "xqPIPG4x0nps",
          "checksum": "d24227ad745de81a85ca0cca55de0cb3"
        },
        {
          "type": "image",
          "assetId": "jablV-BNnVWz",
          "checksum": "9a680060f615f09d1e5bb76777424293"
        },
        {
          "type": "image",
          "assetId": "GVTfKLmoT89a",
          "checksum": "7110e925205144f1a03e28c980335187"
        },
        {
          "type": "image",
          "assetId": "iVA34eo_SWGk",
          "checksum": "cc067ec18f486a365ab7ea08cde2bbf7"
        },
        {
          "type": "image",
          "assetId": "RznvrPjLLccj",
          "checksum": "c7a1e63317ac1e409e6ac32bcb0bcc9c"
        }
      ],
      "codegenVersion": "0.0.1"
    }
  ],
  "cliVersion": "0.1.334"
}
